
Microsoft Visual Studio Solution File, Format Version 12.00
# Visual Studio Version 16
VisualStudioVersion = 16.0.34601.136
MinimumVisualStudioVersion = 10.0.40219.1
Project("{FAE04EC0-301F-11D3-BF4B-00C04F79EFBC}") = "TutionClass", "TutionClass.csproj", "{CDA7C308-5ABB-402D-B73D-36735368BA54}"
EndProject
Global
	GlobalSection(SolutionConfigurationPlatforms) = preSolution
		Debug|Any CPU = Debug|Any CPU
		Release|Any CPU = Release|Any CPU
	EndGlobalSection
	GlobalSection(ProjectConfigurationPlatforms) = postSolution
		{CDA7C308-5ABB-402D-B73D-36735368BA54}.Debug|Any CPU.ActiveCfg = Debug|Any CPU
		{CDA7C308-5ABB-402D-B73D-36735368BA54}.Debug|Any CPU.Build.0 = Debug|Any CPU
		{CDA7C308-5ABB-402D-B73D-36735368BA54}.Release|Any CPU.ActiveCfg = Release|Any CPU
		{CDA7C308-5ABB-402D-B73D-36735368BA54}.Release|Any CPU.Build.0 = Release|Any CPU
	EndGlobalSection
	GlobalSection(SolutionProperties) = preSolution
		HideSolutionNode = FALSE
	EndGlobalSection
	GlobalSection(ExtensibilityGlobals) = postSolution
		SolutionGuid = {D577EE0A-F790-4E40-8987-348DEEE58619}
	EndGlobalSection
EndGlobal
